// !$*UTF8*$!
{
	archiveVersion = 1;
	classes = {
	};
	objectVersion = 48;
	objects = {

/* Begin PBXBuildFile section */
		40961041203F3AE6002DE01F /* emojiCreaterView.swift in Sources */ = {isa = PBXBuildFile; fileRef = 40961040203F3AE6002DE01F /* emojiCreaterView.swift */; };
		7640AD48203DE25A00237208 /* emoji.swift in Sources */ = {isa = PBXBuildFile; fileRef = 7640AD47203DE25A00237208 /* emoji.swift */; };
		76416ED6203F2BF40077C67B /* emojiControllerToEmojiCreatorSegue.swift in Sources */ = {isa = PBXBuildFile; fileRef = 76416ED5203F2BF40077C67B /* emojiControllerToEmojiCreatorSegue.swift */; };
		76F57981203C8B6C00035C3B /* AppDelegate.swift in Sources */ = {isa = PBXBuildFile; fileRef = 76F57980203C8B6C00035C3B /* AppDelegate.swift */; };
		76F57988203C8B6C00035C3B /* Assets.xcassets in Resources */ = {isa = PBXBuildFile; fileRef = 76F57987203C8B6C00035C3B /* Assets.xcassets */; };
		76F5798B203C8B6C00035C3B /* LaunchScreen.storyboard in Resources */ = {isa = PBXBuildFile; fileRef = 76F57989203C8B6C00035C3B /* LaunchScreen.storyboard */; };
		76F57993203C945900035C3B /* EmojiController.swift in Sources */ = {isa = PBXBuildFile; fileRef = 76F57992203C945900035C3B /* EmojiController.swift */; };
/* End PBXBuildFile section */

/* Begin PBXFileReference section */
		40961040203F3AE6002DE01F /* emojiCreaterView.swift */ = {isa = PBXFileReference; lastKnownFileType = sourcecode.swift; path = emojiCreaterView.swift; sourceTree = "<group>"; };
		7640AD47203DE25A00237208 /* emoji.swift */ = {isa = PBXFileReference; lastKnownFileType = sourcecode.swift; path = emoji.swift; sourceTree = "<group>"; };
		76416ED5203F2BF40077C67B /* emojiControllerToEmojiCreatorSegue.swift */ = {isa = PBXFileReference; lastKnownFileType = sourcecode.swift; path = emojiControllerToEmojiCreatorSegue.swift; sourceTree = "<group>"; };
		76F5797D203C8B6C00035C3B /* Chapter 2 Project.app */ = {isa = PBXFileReference; explicitFileType = wrapper.application; includeInIndex = 0; path = "Chapter 2 Project.app"; sourceTree = BUILT_PRODUCTS_DIR; };
		76F57980203C8B6C00035C3B /* AppDelegate.swift */ = {isa = PBXFileReference; lastKnownFileType = sourcecode.swift; path = AppDelegate.swift; sourceTree = "<group>"; };
		76F57987203C8B6C00035C3B /* Assets.xcassets */ = {isa = PBXFileReference; lastKnownFileType = folder.assetcatalog; path = Assets.xcassets; sourceTree = "<group>"; };
		76F5798A203C8B6C00035C3B /* Base */ = {isa = PBXFileReference; lastKnownFileType = file.storyboard; name = Base; path = Base.lproj/LaunchScreen.storyboard; sourceTree = "<group>"; };
		76F5798C203C8B6C00035C3B /* Info.plist */ = {isa = PBXFileReference; lastKnownFileType = text.plist.xml; path = Info.plist; sourceTree = "<group>"; };
		76F57992203C945900035C3B /* EmojiController.swift */ = {isa = PBXFileReference; lastKnownFileType = sourcecode.swift; path = EmojiController.swift; sourceTree = "<group>"; };
/* End PBXFileReference section */

/* Begin PBXFrameworksBuildPhase section */
		76F5797A203C8B6C00035C3B /* Frameworks */ = {
			isa = PBXFrameworksBuildPhase;
			buildActionMask = 2147483647;
			files = (
			);
			runOnlyForDeploymentPostprocessing = 0;
		};
/* End PBXFrameworksBuildPhase section */

/* Begin PBXGroup section */
		76F57974203C8B6C00035C3B = {
			isa = PBXGroup;
			children = (
				76F5797F203C8B6C00035C3B /* Chapter 2 Project */,
				76F5797E203C8B6C00035C3B /* Products */,
			);
			sourceTree = "<group>";
		};
		76F5797E203C8B6C00035C3B /* Products */ = {
			isa = PBXGroup;
			children = (
				76F5797D203C8B6C00035C3B /* Chapter 2 Project.app */,
			);
			name = Products;
			sourceTree = "<group>";
		};
		76F5797F203C8B6C00035C3B /* Chapter 2 Project */ = {
			isa = PBXGroup;
			children = (
				40961040203F3AE6002DE01F /* emojiCreaterView.swift */,
				76F57980203C8B6C00035C3B /* AppDelegate.swift */,
				76F57992203C945900035C3B /* EmojiController.swift */,
				7640AD47203DE25A00237208 /* emoji.swift */,
				76416ED5203F2BF40077C67B /* emojiControllerToEmojiCreatorSegue.swift */,
				76F57987203C8B6C00035C3B /* Assets.xcassets */,
				76F57989203C8B6C00035C3B /* LaunchScreen.storyboard */,
				76F5798C203C8B6C00035C3B /* Info.plist */,
			);
			path = "Chapter 2 Project";
			sourceTree = "<group>";
		};
/* End PBXGroup section */

/* Begin PBXNativeTarget section */
		76F5797C203C8B6C00035C3B /* Chapter 2 Project */ = {
			isa = PBXNativeTarget;
			buildConfigurationList = 76F5798F203C8B6C00035C3B /* Build configuration list for PBXNativeTarget "Chapter 2 Project" */;
			buildPhases = (
				76F57979203C8B6C00035C3B /* Sources */,
				76F5797A203C8B6C00035C3B /* Frameworks */,
				76F5797B203C8B6C00035C3B /* Resources */,
			);
			buildRules = (
			);
			dependencies = (
			);
			name = "Chapter 2 Project";
			productName = "Chapter 2 Project";
			productReference = 76F5797D203C8B6C00035C3B /* Chapter 2 Project.app */;
			productType = "com.apple.product-type.application";
		};
/* End PBXNativeTarget section */

/* Begin PBXProject section */
		76F57975203C8B6C00035C3B /* Project object */ = {
			isa = PBXProject;
			attributes = {
				LastSwiftUpdateCheck = 0920;
				LastUpgradeCheck = 0920;
				ORGANIZATIONNAME = "John Hersey High School";
				TargetAttributes = {
					76F5797C203C8B6C00035C3B = {
						CreatedOnToolsVersion = 9.2;
						ProvisioningStyle = Automatic;
					};
				};
			};
			buildConfigurationList = 76F57978203C8B6C00035C3B /* Build configuration list for PBXProject "Chapter 2 Project" */;
			compatibilityVersion = "Xcode 8.0";
			developmentRegion = en;
			hasScannedForEncodings = 0;
			knownRegions = (
				en,
				Base,
			);
			mainGroup = 76F57974203C8B6C00035C3B;
			productRefGroup = 76F5797E203C8B6C00035C3B /* Products */;
			projectDirPath = "";
			projectRoot = "";
			targets = (
				76F5797C203C8B6C00035C3B /* Chapter 2 Project */,
			);
		};
/* End PBXProject section */

/* Begin PBXResourcesBuildPhase section */
		76F5797B203C8B6C00035C3B /* Resources */ = {
			isa = PBXResourcesBuildPhase;
			buildActionMask = 2147483647;
			files = (
				76F5798B203C8B6C00035C3B /* LaunchScreen.storyboard in Resources */,
				76F57988203C8B6C00035C3B /* Assets.xcassets in Resources */,
			);
			runOnlyForDeploymentPostprocessing = 0;
		};
/* End PBXResourcesBuildPhase section */

/* Begin PBXSourcesBuildPhase section */
		76F57979203C8B6C00035C3B /* Sources */ = {
			isa = PBXSourcesBuildPhase;
			buildActionMask = 2147483647;
			files = (
				76416ED6203F2BF40077C67B /* emojiControllerToEmojiCreatorSegue.swift in Sources */,
				7640AD48203DE25A00237208 /* emoji.swift in Sources */,
				40961041203F3AE6002DE01F /* emojiCreaterView.swift in Sources */,
				76F57981203C8B6C00035C3B /* AppDelegate.swift in Sources */,
				76F57993203C945900035C3B /* EmojiController.swift in Sources */,
			);
			runOnlyForDeploymentPostprocessing = 0;
		};
/* End PBXSourcesBuildPhase section */

/* Begin PBXVariantGroup section */
		76F57989203C8B6C00035C3B /* LaunchScreen.storyboard */ = {
			isa = PBXVariantGroup;
			children = (
				76F5798A203C8B6C00035C3B /* Base */,
			);
			name = LaunchScreen.storyboard;
			sourceTree = "<group>";
		};
/* End PBXVariantGroup section */

/* Begin XCBuildConfiguration section */
		76F5798D203C8B6C00035C3B /* Debug */ = {
			isa = XCBuildConfiguration;
			buildSettings = {
				ALWAYS_SEARCH_USER_PATHS = NO;
				CLANG_ANALYZER_NONNULL = YES;
				CLANG_ANALYZER_NUMBER_OBJECT_CONVERSION = YES_AGGRESSIVE;
				CLANG_CXX_LANGUAGE_STANDARD = "gnu++14";
				CLANG_CXX_LIBRARY = "libc++";
				CLANG_ENABLE_MODULES = YES;
				CLANG_ENABLE_OBJC_ARC = YES;
				CLANG_WARN_BLOCK_CAPTURE_AUTORELEASING = YES;
				CLANG_WARN_BOOL_CONVERSION = YES;
				CLANG_WARN_COMMA = YES;
				CLANG_WARN_CONSTANT_CONVERSION = YES;
				CLANG_WARN_DIRECT_OBJC_ISA_USAGE = YES_ERROR;
				CLANG_WARN_DOCUMENTATION_COMMENTS = YES;
				CLANG_WARN_EMPTY_BODY = YES;
				CLANG_WARN_ENUM_CONVERSION = YES;
				CLANG_WARN_INFINITE_RECURSION = YES;
				CLANG_WARN_INT_CONVERSION = YES;
				CLANG_WARN_NON_LITERAL_NULL_CONVERSION = YES;
				CLANG_WARN_OBJC_LITERAL_CONVERSION = YES;
				CLANG_WARN_OBJC_ROOT_CLASS = YES_ERROR;
				CLANG_WARN_RANGE_LOOP_ANALYSIS = YES;
				CLANG_WARN_STRICT_PROTOTYPES = YES;
				CLANG_WARN_SUSPICIOUS_MOVE = YES;
				CLANG_WARN_UNGUARDED_AVAILABILITY = YES_AGGRESSIVE;
				CLANG_WARN_UNREACHABLE_CODE = YES;
				CLANG_WARN__DUPLICATE_METHOD_MATCH = YES;
				CODE_SIGN_IDENTITY = "iPhone Developer";
				COPY_PHASE_STRIP = NO;
				DEBUG_INFORMATION_FORMAT = dwarf;
				ENABLE_STRICT_OBJC_MSGSEND = YES;
				ENABLE_TESTABILITY = YES;
				GCC_C_LANGUAGE_STANDARD = gnu11;
				GCC_DYNAMIC_NO_PIC = NO;
				GCC_NO_COMMON_BLOCKS = YES;
				GCC_OPTIMIZATION_LEVEL = 0;
				GCC_PREPROCESSOR_DEFINITIONS = (
					"DEBUG=1",
					"$(inherited)",
				);
				GCC_WARN_64_TO_32_BIT_CONVERSION = YES;
				GCC_WARN_ABOUT_RETURN_TYPE = YES_ERROR;
				GCC_WARN_UNDECLARED_SELECTOR = YES;
				GCC_WARN_UNINITIALIZED_AUTOS = YES_AGGRESSIVE;
				GCC_WARN_UNUSED_FUNCTION = YES;
				GCC_WARN_UNUSED_VARIABLE = YES;
				IPHONEOS_DEPLOYMENT_TARGET = 11.2;
				MTL_ENABLE_DEBUG_INFO = YES;
				ONLY_ACTIVE_ARCH = YES;
				SDKROOT = iphoneos;
				SWIFT_ACTIVE_COMPILATION_CONDITIONS = DEBUG;
				SWIFT_OPTIMIZATION_LEVEL = "-Onone";
			};
			name = Debug;
		};
		76F5798E203C8B6C00035C3B /* Release */ = {
			isa = XCBuildConfiguration;
			buildSettings = {
				ALWAYS_SEARCH_USER_PATHS = NO;
				CLANG_ANALYZER_NONNULL = YES;
				CLANG_ANALYZER_NUMBER_OBJECT_CONVERSION = YES_AGGRESSIVE;
				CLANG_CXX_LANGUAGE_STANDARD = "gnu++14";
				CLANG_CXX_LIBRARY = "libc++";
				CLANG_ENABLE_MODULES = YES;
				CLANG_ENABLE_OBJC_ARC = YES;
				CLANG_WARN_BLOCK_CAPTURE_AUTORELEASING = YES;
				CLANG_WARN_BOOL_CONVERSION = YES;
				CLANG_WARN_COMMA = YES;
				CLANG_WARN_CONSTANT_CONVERSION = YES;
				CLANG_WARN_DIRECT_OBJC_ISA_USAGE = YES_ERROR;
				CLANG_WARN_DOCUMENTATION_COMMENTS = YES;
				CLANG_WARN_EMPTY_BODY = YES;
				CLANG_WARN_ENUM_CONVERSION = YES;
				CLANG_WARN_INFINITE_RECURSION = YES;
				CLANG_WARN_INT_CONVERSION = YES;
				CLANG_WARN_NON_LITERAL_NULL_CONVERSION = YES;
				CLANG_WARN_OBJC_LITERAL_CONVERSION = YES;
				CLANG_WARN_OBJC_ROOT_CLASS = YES_ERROR;
				CLANG_WARN_RANGE_LOOP_ANALYSIS = YES;
				CLANG_WARN_STRICT_PROTOTYPES = YES;
				CLANG_WARN_SUSPICIOUS_MOVE = YES;
				CLANG_WARN_UNGUARDED_AVAILABILITY = YES_AGGRESSIVE;
				CLANG_WARN_UNREACHABLE_CODE = YES;
				CLANG_WARN__DUPLICATE_METHOD_MATCH = YES;
				CODE_SIGN_IDENTITY = "iPhone Developer";
				COPY_PHASE_STRIP = NO;
				DEBUG_INFORMATION_FORMAT = "dwarf-with-dsym";
				ENABLE_NS_ASSERTIONS = NO;
				ENABLE_STRICT_OBJC_MSGSEND = YES;
				GCC_C_LANGUAGE_STANDARD = gnu11;
				GCC_NO_COMMON_BLOCKS = YES;
				GCC_WARN_64_TO_32_BIT_CONVERSION = YES;
				GCC_WARN_ABOUT_RETURN_TYPE = YES_ERROR;
				GCC_WARN_UNDECLARED_SELECTOR = YES;
				GCC_WARN_UNINITIALIZED_AUTOS = YES_AGGRESSIVE;
				GCC_WARN_UNUSED_FUNCTION = YES;
				GCC_WARN_UNUSED_VARIABLE = YES;
				IPHONEOS_DEPLOYMENT_TARGET = 11.2;
				MTL_ENABLE_DEBUG_INFO = NO;
				SDKROOT = iphoneos;
				SWIFT_OPTIMIZATION_LEVEL = "-Owholemodule";
				VALIDATE_PRODUCT = YES;
			};
			name = Release;
		};
		76F57990203C8B6C00035C3B /* Debug */ = {
			isa = XCBuildConfiguration;
			buildSettings = {
				ASSETCATALOG_COMPILER_APPICON_NAME = AppIcon;
				CODE_SIGN_STYLE = Automatic;
				DEVELOPMENT_TEAM = 46LMRFK8CD;
				INFOPLIST_FILE = "Chapter 2 Project/Info.plist";
				LD_RUNPATH_SEARCH_PATHS = "$(inherited) @executable_path/Frameworks";
				PRODUCT_BUNDLE_IDENTIFIER = "org.jhhs.620263.Chapter-2-Project";
				PRODUCT_NAME = "$(TARGET_NAME)";
				SWIFT_VERSION = 4.0;
				TARGETED_DEVICE_FAMILY = "1,2";
			};
			name = Debug;
		};
		76F57991203C8B6C00035C3B /* Release */ = {
			isa = XCBuildConfiguration;
			buildSettings = {
				ASSETCATALOG_COMPILER_APPICON_NAME = AppIcon;
				CODE_SIGN_STYLE = Automatic;
				DEVELOPMENT_TEAM = 46LMRFK8CD;
				INFOPLIST_FILE = "Chapter 2 Project/Info.plist";
				LD_RUNPATH_SEARCH_PATHS = "$(inherited) @executable_path/Frameworks";
				PRODUCT_BUNDLE_IDENTIFIER = "org.jhhs.620263.Chapter-2-Project";
				PRODUCT_NAME = "$(TARGET_NAME)";
				SWIFT_VERSION = 4.0;
				TARGETED_DEVICE_FAMILY = "1,2";
			};
			name = Release;
		};
/* End XCBuildConfiguration section */

/* Begin XCConfigurationList section */
		76F57978203C8B6C00035C3B /* Build configuration list for PBXProject "Chapter 2 Project" */ = {
			isa = XCConfigurationList;
			buildConfigurations = (
				76F5798D203C8B6C00035C3B /* Debug */,
				76F5798E203C8B6C00035C3B /* Release */,
			);
			defaultConfigurationIsVisible = 0;
			defaultConfigurationName = Release;
		};
		76F5798F203C8B6C00035C3B /* Build configuration list for PBXNativeTarget "Chapter 2 Project" */ = {
			isa = XCConfigurationList;
			buildConfigurations = (
				76F57990203C8B6C00035C3B /* Debug */,
				76F57991203C8B6C00035C3B /* Release */,
			);
			defaultConfigurationIsVisible = 0;
			defaultConfigurationName = Release;
		};
/* End XCConfigurationList section */
	};
	rootObject = 76F57975203C8B6C00035C3B /* Project object */;
}
